
Microsoft Visual Studio Solution File, Format Version 12.00
# Visual Studio Version 17
VisualStudioVersion = 17.14.36301.6 d17.14
MinimumVisualStudioVersion = 10.0.40219.1
Project("{FAE04EC0-301F-11D3-BF4B-00C04F79EFBC}") = "glTF_3DLoad_N", "glTF_3DLoad_N.csproj", "{46028832-1495-4BBC-876C-D44515B1DD3C}"
EndProject
Global
	GlobalSection(SolutionConfigurationPlatforms) = preSolution
		Debug|ARM = Debug|ARM
		Debug|ARM64 = Debug|ARM64
		Debug|x64 = Debug|x64
		Debug|x86 = Debug|x86
		Release|ARM = Release|ARM
		Release|ARM64 = Release|ARM64
		Release|x64 = Release|x64
		Release|x86 = Release|x86
	EndGlobalSection
	GlobalSection(ProjectConfigurationPlatforms) = postSolution
		{46028832-1495-4BBC-876C-D44515B1DD3C}.Debug|ARM.ActiveCfg = Debug|ARM
		{46028832-1495-4BBC-876C-D44515B1DD3C}.Debug|ARM.Build.0 = Debug|ARM
		{46028832-1495-4BBC-876C-D44515B1DD3C}.Debug|ARM.Deploy.0 = Debug|ARM
		{46028832-1495-4BBC-876C-D44515B1DD3C}.Debug|ARM64.ActiveCfg = Debug|ARM64
		{46028832-1495-4BBC-876C-D44515B1DD3C}.Debug|ARM64.Build.0 = Debug|ARM64
		{46028832-1495-4BBC-876C-D44515B1DD3C}.Debug|ARM64.Deploy.0 = Debug|ARM64
		{46028832-1495-4BBC-876C-D44515B1DD3C}.Debug|x64.ActiveCfg = Debug|x64
		{46028832-1495-4BBC-876C-D44515B1DD3C}.Debug|x64.Build.0 = Debug|x64
		{46028832-1495-4BBC-876C-D44515B1DD3C}.Debug|x64.Deploy.0 = Debug|x64
		{46028832-1495-4BBC-876C-D44515B1DD3C}.Debug|x86.ActiveCfg = Debug|x86
		{46028832-1495-4BBC-876C-D44515B1DD3C}.Debug|x86.Build.0 = Debug|x86
		{46028832-1495-4BBC-876C-D44515B1DD3C}.Debug|x86.Deploy.0 = Debug|x86
		{46028832-1495-4BBC-876C-D44515B1DD3C}.Release|ARM.ActiveCfg = Release|ARM
		{46028832-1495-4BBC-876C-D44515B1DD3C}.Release|ARM.Build.0 = Release|ARM
		{46028832-1495-4BBC-876C-D44515B1DD3C}.Release|ARM.Deploy.0 = Release|ARM
		{46028832-1495-4BBC-876C-D44515B1DD3C}.Release|ARM64.ActiveCfg = Release|ARM64
		{46028832-1495-4BBC-876C-D44515B1DD3C}.Release|ARM64.Build.0 = Release|ARM64
		{46028832-1495-4BBC-876C-D44515B1DD3C}.Release|ARM64.Deploy.0 = Release|ARM64
		{46028832-1495-4BBC-876C-D44515B1DD3C}.Release|x64.ActiveCfg = Release|x64
		{46028832-1495-4BBC-876C-D44515B1DD3C}.Release|x64.Build.0 = Release|x64
		{46028832-1495-4BBC-876C-D44515B1DD3C}.Release|x64.Deploy.0 = Release|x64
		{46028832-1495-4BBC-876C-D44515B1DD3C}.Release|x86.ActiveCfg = Release|x86
		{46028832-1495-4BBC-876C-D44515B1DD3C}.Release|x86.Build.0 = Release|x86
		{46028832-1495-4BBC-876C-D44515B1DD3C}.Release|x86.Deploy.0 = Release|x86
	EndGlobalSection
	GlobalSection(SolutionProperties) = preSolution
		HideSolutionNode = FALSE
	EndGlobalSection
	GlobalSection(ExtensibilityGlobals) = postSolution
		SolutionGuid = {CE66B278-478A-4077-B1CC-396A9328F777}
	EndGlobalSection
EndGlobal
